
Microsoft Visual Studio Solution File, Format Version 12.00
# Visual Studio Version 16
VisualStudioVersion = 16.0.30907.101
MinimumVisualStudioVersion = 10.0.40219.1
Project("{FAE04EC0-301F-11D3-BF4B-00C04F79EFBC}") = "Desafio04", "Desafio04\Desafio04.csproj", "{ECA193F6-6BBD-4057-A322-8EB0B1FAE6EB}"
EndProject
Global
	GlobalSection(SolutionConfigurationPlatforms) = preSolution
		Debug|Any CPU = Debug|Any CPU
		Release|Any CPU = Release|Any CPU
	EndGlobalSection
	GlobalSection(ProjectConfigurationPlatforms) = postSolution
		{ECA193F6-6BBD-4057-A322-8EB0B1FAE6EB}.Debug|Any CPU.ActiveCfg = Debug|Any CPU
		{ECA193F6-6BBD-4057-A322-8EB0B1FAE6EB}.Debug|Any CPU.Build.0 = Debug|Any CPU
		{ECA193F6-6BBD-4057-A322-8EB0B1FAE6EB}.Release|Any CPU.ActiveCfg = Release|Any CPU
		{ECA193F6-6BBD-4057-A322-8EB0B1FAE6EB}.Release|Any CPU.Build.0 = Release|Any CPU
	EndGlobalSection
	GlobalSection(SolutionProperties) = preSolution
		HideSolutionNode = FALSE
	EndGlobalSection
	GlobalSection(ExtensibilityGlobals) = postSolution
		SolutionGuid = {55132393-F6F6-4BB5-9110-5B38C72D2867}
	EndGlobalSection
EndGlobal
